
Microsoft Visual Studio Solution File, Format Version 12.00
# Visual Studio 15
VisualStudioVersion = 15.0.28307.757
MinimumVisualStudioVersion = 10.0.40219.1
Project("{FAE04EC0-301F-11D3-BF4B-00C04F79EFBC}") = "imtensivCLessen1", "imtensivCLessen1\imtensivCLessen1.csproj", "{824E5D4C-5E35-4C88-AFEE-99B6B51A5A0C}"
EndProject
Global
	GlobalSection(SolutionConfigurationPlatforms) = preSolution
		Debug|Any CPU = Debug|Any CPU
		Release|Any CPU = Release|Any CPU
	EndGlobalSection
	GlobalSection(ProjectConfigurationPlatforms) = postSolution
		{824E5D4C-5E35-4C88-AFEE-99B6B51A5A0C}.Debug|Any CPU.ActiveCfg = Debug|Any CPU
		{824E5D4C-5E35-4C88-AFEE-99B6B51A5A0C}.Debug|Any CPU.Build.0 = Debug|Any CPU
		{824E5D4C-5E35-4C88-AFEE-99B6B51A5A0C}.Release|Any CPU.ActiveCfg = Release|Any CPU
		{824E5D4C-5E35-4C88-AFEE-99B6B51A5A0C}.Release|Any CPU.Build.0 = Release|Any CPU
	EndGlobalSection
	GlobalSection(SolutionProperties) = preSolution
		HideSolutionNode = FALSE
	EndGlobalSection
	GlobalSection(ExtensibilityGlobals) = postSolution
		SolutionGuid = {14A50C09-5D58-4E8F-AB61-004C2E107455}
	EndGlobalSection
EndGlobal
